{
  "name": "fun-savings",
  "lockfileVersion": 3,
  "requires": true,
  "packages": {
    "": {
      "dependencies": {
        "mini-ali-ui": "^1.4.1"
      }
    },
    "node_modules/@babel/runtime": {
      "version": "7.27.1",
      "resolved": "https://registry.npmjs.org/@babel/runtime/-/runtime-7.27.1.tgz",
      "integrity": "sha512-1x3D2xEk2fRo3PAhwQwu5UubzgiVWSXTBfWpVd2Mx2AzRqJuDJCsgaDVZ7HB5iGzDW1Hl1sWN2mFyKjmR9uAog==",
      "engines": {
        "node": ">=6.9.0"
      }
    },
    "node_modules/mini-ali-ui": {
      "version": "1.4.1",
      "resolved": "https://registry.npmjs.org/mini-ali-ui/-/mini-ali-ui-1.4.1.tgz",
      "integrity": "sha512-ItOpc4fwbDZupGT1KoaLSQo2QRYJA79mwkWgg0soVrKTtiQ4lN5DIge9wyMTT0wTddq/UTT3z3+xRB+NhTx7lA==",
      "deprecated": "mini-ali-ui不再维护。推荐使用antd-mini https://mini.ant.design/",
      "dependencies": {
        "@babel/runtime": "^7.11.2"
      }
    }
  }
}
